
Microsoft Visual Studio Solution File, Format Version 12.00
# Visual Studio Version 17
VisualStudioVersion = 17.6.33712.159
MinimumVisualStudioVersion = 10.0.40219.1
Project("{FAE04EC0-301F-11D3-BF4B-00C04F79EFBC}") = "cljproj", "cljproj.csproj", "{561D6244-5AC2-4F94-A07A-B355806E8762}"
EndProject
Project("{54435603-DBB4-11D2-8724-00A0C9A8B90C}") = "DhunSetup", "..\DhunSetup\DhunSetup.vdproj", "{7026F29F-F788-4A9E-B86B-90D5D37B85B3}"
EndProject
Global
	GlobalSection(SolutionConfigurationPlatforms) = preSolution
		Debug|Any CPU = Debug|Any CPU
		Release|Any CPU = Release|Any CPU
	EndGlobalSection
	GlobalSection(ProjectConfigurationPlatforms) = postSolution
		{561D6244-5AC2-4F94-A07A-B355806E8762}.Debug|Any CPU.ActiveCfg = Debug|Any CPU
		{561D6244-5AC2-4F94-A07A-B355806E8762}.Debug|Any CPU.Build.0 = Debug|Any CPU
		{561D6244-5AC2-4F94-A07A-B355806E8762}.Release|Any CPU.ActiveCfg = Release|Any CPU
		{561D6244-5AC2-4F94-A07A-B355806E8762}.Release|Any CPU.Build.0 = Release|Any CPU
		{7026F29F-F788-4A9E-B86B-90D5D37B85B3}.Debug|Any CPU.ActiveCfg = Debug
		{7026F29F-F788-4A9E-B86B-90D5D37B85B3}.Release|Any CPU.ActiveCfg = Release
	EndGlobalSection
	GlobalSection(SolutionProperties) = preSolution
		HideSolutionNode = FALSE
	EndGlobalSection
	GlobalSection(ExtensibilityGlobals) = postSolution
		SolutionGuid = {818BC89F-B46F-4E2B-8460-E1AD56CE9C14}
	EndGlobalSection
EndGlobal
